
Microsoft Visual Studio Solution File, Format Version 12.00
# Visual Studio Version 17
VisualStudioVersion = 17.9.34622.214
MinimumVisualStudioVersion = 10.0.40219.1
Project("{FAE04EC0-301F-11D3-BF4B-00C04F79EFBC}") = "Zadacha", "Zadacha\Zadacha.csproj", "{47AB3976-E751-4D93-B18F-A80E5D1A827A}"
EndProject
Global
	GlobalSection(SolutionConfigurationPlatforms) = preSolution
		Debug|Any CPU = Debug|Any CPU
		Release|Any CPU = Release|Any CPU
	EndGlobalSection
	GlobalSection(ProjectConfigurationPlatforms) = postSolution
		{47AB3976-E751-4D93-B18F-A80E5D1A827A}.Debug|Any CPU.ActiveCfg = Debug|Any CPU
		{47AB3976-E751-4D93-B18F-A80E5D1A827A}.Debug|Any CPU.Build.0 = Debug|Any CPU
		{47AB3976-E751-4D93-B18F-A80E5D1A827A}.Release|Any CPU.ActiveCfg = Release|Any CPU
		{47AB3976-E751-4D93-B18F-A80E5D1A827A}.Release|Any CPU.Build.0 = Release|Any CPU
	EndGlobalSection
	GlobalSection(SolutionProperties) = preSolution
		HideSolutionNode = FALSE
	EndGlobalSection
	GlobalSection(ExtensibilityGlobals) = postSolution
		SolutionGuid = {41C0A6AC-B887-4417-932F-8709651B0719}
	EndGlobalSection
EndGlobal
